
Microsoft Visual Studio Solution File, Format Version 12.00
# Visual Studio 14
VisualStudioVersion = 14.0.25420.1
MinimumVisualStudioVersion = 10.0.40219.1
Project("{8BB2217D-0F2D-49D1-97BC-3654ED321F3B}") = "DbPasswordChanger", "DbPasswordChanger\DbPasswordChanger.xproj", "{C5149585-4FEE-4AD4-BBB9-4333FA73254B}"
EndProject
Project("{2150E333-8FDC-42A3-9474-1A3956D46DE8}") = "Solution Items", "Solution Items", "{EDA5870C-3571-40E7-A4BF-26663FDA16A8}"
	ProjectSection(SolutionItems) = preProject
		build.sh = build.sh
	EndProjectSection
EndProject
Global
	GlobalSection(SolutionConfigurationPlatforms) = preSolution
		Debug|Any CPU = Debug|Any CPU
		Release|Any CPU = Release|Any CPU
	EndGlobalSection
	GlobalSection(ProjectConfigurationPlatforms) = postSolution
		{C5149585-4FEE-4AD4-BBB9-4333FA73254B}.Debug|Any CPU.ActiveCfg = Debug|Any CPU
		{C5149585-4FEE-4AD4-BBB9-4333FA73254B}.Debug|Any CPU.Build.0 = Debug|Any CPU
		{C5149585-4FEE-4AD4-BBB9-4333FA73254B}.Release|Any CPU.ActiveCfg = Release|Any CPU
		{C5149585-4FEE-4AD4-BBB9-4333FA73254B}.Release|Any CPU.Build.0 = Release|Any CPU
	EndGlobalSection
	GlobalSection(SolutionProperties) = preSolution
		HideSolutionNode = FALSE
	EndGlobalSection
EndGlobal
